// !$*UTF8*$!
{
	archiveVersion = 1;
	classes = {
	};
	objectVersion = 48;
	objects = {

/* Begin PBXBuildFile section */
		384E3630A61D15FC054DFDC5 /* Pods_retilla.framework in Frameworks */ = {isa = PBXBuildFile; fileRef = EA4DC4C2839C4A83E943BA88 /* Pods_retilla.framework */; };
		FF421D472017E4B00023D9BF /* CategoryRow.swift in Sources */ = {isa = PBXBuildFile; fileRef = FF421D462017E4B00023D9BF /* CategoryRow.swift */; };
		FF7D5D1E201672E70016F853 /* AppDelegate.swift in Sources */ = {isa = PBXBuildFile; fileRef = FF7D5D1D201672E70016F853 /* AppDelegate.swift */; };
		FF7D5D20201672E70016F853 /* ViewController.swift in Sources */ = {isa = PBXBuildFile; fileRef = FF7D5D1F201672E70016F853 /* ViewController.swift */; };
		FF7D5D23201672E70016F853 /* Main.storyboard in Resources */ = {isa = PBXBuildFile; fileRef = FF7D5D21201672E70016F853 /* Main.storyboard */; };
		FF7D5D25201672E70016F853 /* Assets.xcassets in Resources */ = {isa = PBXBuildFile; fileRef = FF7D5D24201672E70016F853 /* Assets.xcassets */; };
		FF7D5D28201672E70016F853 /* LaunchScreen.storyboard in Resources */ = {isa = PBXBuildFile; fileRef = FF7D5D26201672E70016F853 /* LaunchScreen.storyboard */; };
		FF7D5D302016868B0016F853 /* GoogleService-Info.plist in Resources */ = {isa = PBXBuildFile; fileRef = FF7D5D2F2016868A0016F853 /* GoogleService-Info.plist */; };
		FF7D5D372016885B0016F853 /* Constants.swift in Sources */ = {isa = PBXBuildFile; fileRef = FF7D5D362016885B0016F853 /* Constants.swift */; };
		FF7D5D3920168A620016F853 /* DataService.swift in Sources */ = {isa = PBXBuildFile; fileRef = FF7D5D3820168A620016F853 /* DataService.swift */; };
		FF85071220276B81003CB080 /* PostDetailVCC.swift in Sources */ = {isa = PBXBuildFile; fileRef = FF85071120276B81003CB080 /* PostDetailVCC.swift */; };
		FF85073A202F549C003CB080 /* CreatingPostVC.swift in Sources */ = {isa = PBXBuildFile; fileRef = FF850739202F549C003CB080 /* CreatingPostVC.swift */; };
		FF919B11201A70EE00270B65 /* Post.swift in Sources */ = {isa = PBXBuildFile; fileRef = FF919B10201A70EE00270B65 /* Post.swift */; };
		FF919B13201AAE7200270B65 /* PostCell.swift in Sources */ = {isa = PBXBuildFile; fileRef = FF919B12201AAE7200270B65 /* PostCell.swift */; };
		FF919B1B201CB7D900270B65 /* FeedVCC.swift in Sources */ = {isa = PBXBuildFile; fileRef = FF919B1A201CB7D800270B65 /* FeedVCC.swift */; };
		FFE4048A203174D900B70B12 /* MainMapVC.swift in Sources */ = {isa = PBXBuildFile; fileRef = FFE40489203174D900B70B12 /* MainMapVC.swift */; };
		FFE4048C2031803E00B70B12 /* Annotations.swift in Sources */ = {isa = PBXBuildFile; fileRef = FFE4048B2031803E00B70B12 /* Annotations.swift */; };
		FFF69A3E20388ED6001F1F3C /* PullUpView.swift in Sources */ = {isa = PBXBuildFile; fileRef = FFF69A3D20388ED6001F1F3C /* PullUpView.swift */; };
/* End PBXBuildFile section */

/* Begin PBXFileReference section */
		E822D97274E1776C756927A9 /* Pods-retilla.release.xcconfig */ = {isa = PBXFileReference; includeInIndex = 1; lastKnownFileType = text.xcconfig; name = "Pods-retilla.release.xcconfig"; path = "Pods/Target Support Files/Pods-retilla/Pods-retilla.release.xcconfig"; sourceTree = "<group>"; };
		EA4DC4C2839C4A83E943BA88 /* Pods_retilla.framework */ = {isa = PBXFileReference; explicitFileType = wrapper.framework; includeInIndex = 0; path = Pods_retilla.framework; sourceTree = BUILT_PRODUCTS_DIR; };
		FCBC503330999610F5889E89 /* Pods-retilla.debug.xcconfig */ = {isa = PBXFileReference; includeInIndex = 1; lastKnownFileType = text.xcconfig; name = "Pods-retilla.debug.xcconfig"; path = "Pods/Target Support Files/Pods-retilla/Pods-retilla.debug.xcconfig"; sourceTree = "<group>"; };
		FF421D462017E4B00023D9BF /* CategoryRow.swift */ = {isa = PBXFileReference; lastKnownFileType = sourcecode.swift; path = CategoryRow.swift; sourceTree = "<group>"; };
		FF7D5D1A201672E70016F853 /* retilla.app */ = {isa = PBXFileReference; explicitFileType = wrapper.application; includeInIndex = 0; path = retilla.app; sourceTree = BUILT_PRODUCTS_DIR; };
		FF7D5D1D201672E70016F853 /* AppDelegate.swift */ = {isa = PBXFileReference; lastKnownFileType = sourcecode.swift; path = AppDelegate.swift; sourceTree = "<group>"; };
		FF7D5D1F201672E70016F853 /* ViewController.swift */ = {isa = PBXFileReference; lastKnownFileType = sourcecode.swift; path = ViewController.swift; sourceTree = "<group>"; };
		FF7D5D22201672E70016F853 /* Base */ = {isa = PBXFileReference; lastKnownFileType = file.storyboard; name = Base; path = Base.lproj/Main.storyboard; sourceTree = "<group>"; };
		FF7D5D24201672E70016F853 /* Assets.xcassets */ = {isa = PBXFileReference; lastKnownFileType = folder.assetcatalog; path = Assets.xcassets; sourceTree = "<group>"; };
		FF7D5D27201672E70016F853 /* Base */ = {isa = PBXFileReference; lastKnownFileType = file.storyboard; name = Base; path = Base.lproj/LaunchScreen.storyboard; sourceTree = "<group>"; };
		FF7D5D29201672E70016F853 /* Info.plist */ = {isa = PBXFileReference; lastKnownFileType = text.plist.xml; path = Info.plist; sourceTree = "<group>"; };
		FF7D5D2F2016868A0016F853 /* GoogleService-Info.plist */ = {isa = PBXFileReference; fileEncoding = 4; lastKnownFileType = text.plist.xml; path = "GoogleService-Info.plist"; sourceTree = "<group>"; };
		FF7D5D362016885B0016F853 /* Constants.swift */ = {isa = PBXFileReference; lastKnownFileType = sourcecode.swift; path = Constants.swift; sourceTree = "<group>"; };
		FF7D5D3820168A620016F853 /* DataService.swift */ = {isa = PBXFileReference; lastKnownFileType = sourcecode.swift; path = DataService.swift; sourceTree = "<group>"; };
		FF85071120276B81003CB080 /* PostDetailVCC.swift */ = {isa = PBXFileReference; lastKnownFileType = sourcecode.swift; path = PostDetailVCC.swift; sourceTree = "<group>"; };
		FF850739202F549C003CB080 /* CreatingPostVC.swift */ = {isa = PBXFileReference; lastKnownFileType = sourcecode.swift; path = CreatingPostVC.swift; sourceTree = "<group>"; };
		FF919B10201A70EE00270B65 /* Post.swift */ = {isa = PBXFileReference; lastKnownFileType = sourcecode.swift; path = Post.swift; sourceTree = "<group>"; };
		FF919B12201AAE7200270B65 /* PostCell.swift */ = {isa = PBXFileReference; lastKnownFileType = sourcecode.swift; path = PostCell.swift; sourceTree = "<group>"; };
		FF919B1A201CB7D800270B65 /* FeedVCC.swift */ = {isa = PBXFileReference; lastKnownFileType = sourcecode.swift; path = FeedVCC.swift; sourceTree = "<group>"; };
		FFE40489203174D900B70B12 /* MainMapVC.swift */ = {isa = PBXFileReference; lastKnownFileType = sourcecode.swift; path = MainMapVC.swift; sourceTree = "<group>"; };
		FFE4048B2031803E00B70B12 /* Annotations.swift */ = {isa = PBXFileReference; lastKnownFileType = sourcecode.swift; path = Annotations.swift; sourceTree = "<group>"; };
		FFF69A3D20388ED6001F1F3C /* PullUpView.swift */ = {isa = PBXFileReference; lastKnownFileType = sourcecode.swift; path = PullUpView.swift; sourceTree = "<group>"; };
/* End PBXFileReference section */

/* Begin PBXFrameworksBuildPhase section */
		FF7D5D17201672E70016F853 /* Frameworks */ = {
			isa = PBXFrameworksBuildPhase;
			buildActionMask = 2147483647;
			files = (
				384E3630A61D15FC054DFDC5 /* Pods_retilla.framework in Frameworks */,
			);
			runOnlyForDeploymentPostprocessing = 0;
		};
/* End PBXFrameworksBuildPhase section */

/* Begin PBXGroup section */
		00C2E091488AA2AC08D8F42B /* Frameworks */ = {
			isa = PBXGroup;
			children = (
				EA4DC4C2839C4A83E943BA88 /* Pods_retilla.framework */,
			);
			name = Frameworks;
			sourceTree = "<group>";
		};
		D570C6FA846349BAF28B9EED /* Pods */ = {
			isa = PBXGroup;
			children = (
				FCBC503330999610F5889E89 /* Pods-retilla.debug.xcconfig */,
				E822D97274E1776C756927A9 /* Pods-retilla.release.xcconfig */,
			);
			name = Pods;
			sourceTree = "<group>";
		};
		FF7D5D11201672E60016F853 = {
			isa = PBXGroup;
			children = (
				FF7D5D1C201672E70016F853 /* retilla */,
				FF7D5D1B201672E70016F853 /* Products */,
				D570C6FA846349BAF28B9EED /* Pods */,
				00C2E091488AA2AC08D8F42B /* Frameworks */,
			);
			sourceTree = "<group>";
		};
		FF7D5D1B201672E70016F853 /* Products */ = {
			isa = PBXGroup;
			children = (
				FF7D5D1A201672E70016F853 /* retilla.app */,
			);
			name = Products;
			sourceTree = "<group>";
		};
		FF7D5D1C201672E70016F853 /* retilla */ = {
			isa = PBXGroup;
			children = (
				FF7D5D352016884E0016F853 /* Services */,
				FF7D5D34201688470016F853 /* Utilities */,
				FF7D5D33201688420016F853 /* Model */,
				FF7D5D322016883C0016F853 /* View */,
				FF7D5D31201688300016F853 /* Controller */,
				FF7D5D1D201672E70016F853 /* AppDelegate.swift */,
				FF7D5D21201672E70016F853 /* Main.storyboard */,
				FF7D5D24201672E70016F853 /* Assets.xcassets */,
				FF7D5D26201672E70016F853 /* LaunchScreen.storyboard */,
				FF7D5D29201672E70016F853 /* Info.plist */,
				FF7D5D2F2016868A0016F853 /* GoogleService-Info.plist */,
			);
			path = retilla;
			sourceTree = "<group>";
		};
		FF7D5D31201688300016F853 /* Controller */ = {
			isa = PBXGroup;
			children = (
				FF7D5D1F201672E70016F853 /* ViewController.swift */,
				FF919B1A201CB7D800270B65 /* FeedVCC.swift */,
				FF421D462017E4B00023D9BF /* CategoryRow.swift */,
				FF85071120276B81003CB080 /* PostDetailVCC.swift */,
				FF850739202F549C003CB080 /* CreatingPostVC.swift */,
				FFE40489203174D900B70B12 /* MainMapVC.swift */,
			);
			path = Controller;
			sourceTree = "<group>";
		};
		FF7D5D322016883C0016F853 /* View */ = {
			isa = PBXGroup;
			children = (
				FF919B12201AAE7200270B65 /* PostCell.swift */,
				FFF69A3D20388ED6001F1F3C /* PullUpView.swift */,
			);
			path = View;
			sourceTree = "<group>";
		};
		FF7D5D33201688420016F853 /* Model */ = {
			isa = PBXGroup;
			children = (
				FF919B10201A70EE00270B65 /* Post.swift */,
				FFE4048B2031803E00B70B12 /* Annotations.swift */,
			);
			path = Model;
			sourceTree = "<group>";
		};
		FF7D5D34201688470016F853 /* Utilities */ = {
			isa = PBXGroup;
			children = (
				FF7D5D362016885B0016F853 /* Constants.swift */,
			);
			path = Utilities;
			sourceTree = "<group>";
		};
		FF7D5D352016884E0016F853 /* Services */ = {
			isa = PBXGroup;
			children = (
				FF7D5D3820168A620016F853 /* DataService.swift */,
			);
			path = Services;
			sourceTree = "<group>";
		};
/* End PBXGroup section */

/* Begin PBXNativeTarget section */
		FF7D5D19201672E70016F853 /* retilla */ = {
			isa = PBXNativeTarget;
			buildConfigurationList = FF7D5D2C201672E70016F853 /* Build configuration list for PBXNativeTarget "retilla" */;
			buildPhases = (
				E3469AE3162C0A68D4266C12 /* [CP] Check Pods Manifest.lock */,
				FF7D5D16201672E70016F853 /* Sources */,
				FF7D5D17201672E70016F853 /* Frameworks */,
				FF7D5D18201672E70016F853 /* Resources */,
				63E7CA929F85C9F9E900A568 /* [CP] Embed Pods Frameworks */,
				2ADD853CA5F8EF661BF26543 /* [CP] Copy Pods Resources */,
			);
			buildRules = (
			);
			dependencies = (
			);
			name = retilla;
			productName = retilla;
			productReference = FF7D5D1A201672E70016F853 /* retilla.app */;
			productType = "com.apple.product-type.application";
		};
/* End PBXNativeTarget section */

/* Begin PBXProject section */
		FF7D5D12201672E60016F853 /* Project object */ = {
			isa = PBXProject;
			attributes = {
				LastSwiftUpdateCheck = 0920;
				LastUpgradeCheck = 0920;
				ORGANIZATIONNAME = satkis;
				TargetAttributes = {
					FF7D5D19201672E70016F853 = {
						CreatedOnToolsVersion = 9.2;
						ProvisioningStyle = Automatic;
					};
				};
			};
			buildConfigurationList = FF7D5D15201672E60016F853 /* Build configuration list for PBXProject "retilla" */;
			compatibilityVersion = "Xcode 8.0";
			developmentRegion = en;
			hasScannedForEncodings = 0;
			knownRegions = (
				en,
				Base,
			);
			mainGroup = FF7D5D11201672E60016F853;
			productRefGroup = FF7D5D1B201672E70016F853 /* Products */;
			projectDirPath = "";
			projectRoot = "";
			targets = (
				FF7D5D19201672E70016F853 /* retilla */,
			);
		};
/* End PBXProject section */

/* Begin PBXResourcesBuildPhase section */
		FF7D5D18201672E70016F853 /* Resources */ = {
			isa = PBXResourcesBuildPhase;
			buildActionMask = 2147483647;
			files = (
				FF7D5D28201672E70016F853 /* LaunchScreen.storyboard in Resources */,
				FF7D5D302016868B0016F853 /* GoogleService-Info.plist in Resources */,
				FF7D5D25201672E70016F853 /* Assets.xcassets in Resources */,
				FF7D5D23201672E70016F853 /* Main.storyboard in Resources */,
			);
			runOnlyForDeploymentPostprocessing = 0;
		};
/* End PBXResourcesBuildPhase section */

/* Begin PBXShellScriptBuildPhase section */
		2ADD853CA5F8EF661BF26543 /* [CP] Copy Pods Resources */ = {
			isa = PBXShellScriptBuildPhase;
			buildActionMask = 2147483647;
			files = (
			);
			inputPaths = (
			);
			name = "[CP] Copy Pods Resources";
			outputPaths = (
			);
			runOnlyForDeploymentPostprocessing = 0;
			shellPath = /bin/sh;
			shellScript = "\"${SRCROOT}/Pods/Target Support Files/Pods-retilla/Pods-retilla-resources.sh\"\n";
			showEnvVarsInLog = 0;
		};
		63E7CA929F85C9F9E900A568 /* [CP] Embed Pods Frameworks */ = {
			isa = PBXShellScriptBuildPhase;
			buildActionMask = 2147483647;
			files = (
			);
			inputPaths = (
				"${SRCROOT}/Pods/Target Support Files/Pods-retilla/Pods-retilla-frameworks.sh",
				"${BUILT_PRODUCTS_DIR}/Alamofire/Alamofire.framework",
				"${BUILT_PRODUCTS_DIR}/Bolts/Bolts.framework",
				"${BUILT_PRODUCTS_DIR}/FBSDKCoreKit/FBSDKCoreKit.framework",
				"${BUILT_PRODUCTS_DIR}/FBSDKLoginKit/FBSDKLoginKit.framework",
				"${BUILT_PRODUCTS_DIR}/FBSDKShareKit/FBSDKShareKit.framework",
				"${BUILT_PRODUCTS_DIR}/GTMSessionFetcher/GTMSessionFetcher.framework",
				"${BUILT_PRODUCTS_DIR}/GoogleToolboxForMac/GoogleToolboxForMac.framework",
				"${BUILT_PRODUCTS_DIR}/SwiftyJSON/SwiftyJSON.framework",
				"${BUILT_PRODUCTS_DIR}/leveldb-library/leveldb.framework",
				"${BUILT_PRODUCTS_DIR}/nanopb/nanopb.framework",
			);
			name = "[CP] Embed Pods Frameworks";
			outputPaths = (
				"${TARGET_BUILD_DIR}/${FRAMEWORKS_FOLDER_PATH}/Alamofire.framework",
				"${TARGET_BUILD_DIR}/${FRAMEWORKS_FOLDER_PATH}/Bolts.framework",
				"${TARGET_BUILD_DIR}/${FRAMEWORKS_FOLDER_PATH}/FBSDKCoreKit.framework",
				"${TARGET_BUILD_DIR}/${FRAMEWORKS_FOLDER_PATH}/FBSDKLoginKit.framework",
				"${TARGET_BUILD_DIR}/${FRAMEWORKS_FOLDER_PATH}/FBSDKShareKit.framework",
				"${TARGET_BUILD_DIR}/${FRAMEWORKS_FOLDER_PATH}/GTMSessionFetcher.framework",
				"${TARGET_BUILD_DIR}/${FRAMEWORKS_FOLDER_PATH}/GoogleToolboxForMac.framework",
				"${TARGET_BUILD_DIR}/${FRAMEWORKS_FOLDER_PATH}/SwiftyJSON.framework",
				"${TARGET_BUILD_DIR}/${FRAMEWORKS_FOLDER_PATH}/leveldb.framework",
				"${TARGET_BUILD_DIR}/${FRAMEWORKS_FOLDER_PATH}/nanopb.framework",
			);
			runOnlyForDeploymentPostprocessing = 0;
			shellPath = /bin/sh;
			shellScript = "\"${SRCROOT}/Pods/Target Support Files/Pods-retilla/Pods-retilla-frameworks.sh\"\n";
			showEnvVarsInLog = 0;
		};
		E3469AE3162C0A68D4266C12 /* [CP] Check Pods Manifest.lock */ = {
			isa = PBXShellScriptBuildPhase;
			buildActionMask = 2147483647;
			files = (
			);
			inputPaths = (
				"${PODS_PODFILE_DIR_PATH}/Podfile.lock",
				"${PODS_ROOT}/Manifest.lock",
			);
			name = "[CP] Check Pods Manifest.lock";
			outputPaths = (
				"$(DERIVED_FILE_DIR)/Pods-retilla-checkManifestLockResult.txt",
			);
			runOnlyForDeploymentPostprocessing = 0;
			shellPath = /bin/sh;
			shellScript = "diff \"${PODS_PODFILE_DIR_PATH}/Podfile.lock\" \"${PODS_ROOT}/Manifest.lock\" > /dev/null\nif [ $? != 0 ] ; then\n    # print error to STDERR\n    echo \"error: The sandbox is not in sync with the Podfile.lock. Run 'pod install' or update your CocoaPods installation.\" >&2\n    exit 1\nfi\n# This output is used by Xcode 'outputs' to avoid re-running this script phase.\necho \"SUCCESS\" > \"${SCRIPT_OUTPUT_FILE_0}\"\n";
			showEnvVarsInLog = 0;
		};
/* End PBXShellScriptBuildPhase section */

/* Begin PBXSourcesBuildPhase section */
		FF7D5D16201672E70016F853 /* Sources */ = {
			isa = PBXSourcesBuildPhase;
			buildActionMask = 2147483647;
			files = (
				FF919B13201AAE7200270B65 /* PostCell.swift in Sources */,
				FF7D5D20201672E70016F853 /* ViewController.swift in Sources */,
				FFF69A3E20388ED6001F1F3C /* PullUpView.swift in Sources */,
				FFE4048C2031803E00B70B12 /* Annotations.swift in Sources */,
				FFE4048A203174D900B70B12 /* MainMapVC.swift in Sources */,
				FF7D5D1E201672E70016F853 /* AppDelegate.swift in Sources */,
				FF919B1B201CB7D900270B65 /* FeedVCC.swift in Sources */,
				FF85071220276B81003CB080 /* PostDetailVCC.swift in Sources */,
				FF85073A202F549C003CB080 /* CreatingPostVC.swift in Sources */,
				FF7D5D372016885B0016F853 /* Constants.swift in Sources */,
				FF7D5D3920168A620016F853 /* DataService.swift in Sources */,
				FF919B11201A70EE00270B65 /* Post.swift in Sources */,
				FF421D472017E4B00023D9BF /* CategoryRow.swift in Sources */,
			);
			runOnlyForDeploymentPostprocessing = 0;
		};
/* End PBXSourcesBuildPhase section */

/* Begin PBXVariantGroup section */
		FF7D5D21201672E70016F853 /* Main.storyboard */ = {
			isa = PBXVariantGroup;
			children = (
				FF7D5D22201672E70016F853 /* Base */,
			);
			name = Main.storyboard;
			sourceTree = "<group>";
		};
		FF7D5D26201672E70016F853 /* LaunchScreen.storyboard */ = {
			isa = PBXVariantGroup;
			children = (
				FF7D5D27201672E70016F853 /* Base */,
			);
			name = LaunchScreen.storyboard;
			sourceTree = "<group>";
		};
/* End PBXVariantGroup section */

/* Begin XCBuildConfiguration section */
		FF7D5D2A201672E70016F853 /* Debug */ = {
			isa = XCBuildConfiguration;
			buildSettings = {
				ALWAYS_SEARCH_USER_PATHS = NO;
				CLANG_ANALYZER_NONNULL = YES;
				CLANG_ANALYZER_NUMBER_OBJECT_CONVERSION = YES_AGGRESSIVE;
				CLANG_CXX_LANGUAGE_STANDARD = "gnu++14";
				CLANG_CXX_LIBRARY = "libc++";
				CLANG_ENABLE_MODULES = YES;
				CLANG_ENABLE_OBJC_ARC = YES;
				CLANG_WARN_BLOCK_CAPTURE_AUTORELEASING = YES;
				CLANG_WARN_BOOL_CONVERSION = YES;
				CLANG_WARN_COMMA = YES;
				CLANG_WARN_CONSTANT_CONVERSION = YES;
				CLANG_WARN_DIRECT_OBJC_ISA_USAGE = YES_ERROR;
				CLANG_WARN_DOCUMENTATION_COMMENTS = YES;
				CLANG_WARN_EMPTY_BODY = YES;
				CLANG_WARN_ENUM_CONVERSION = YES;
				CLANG_WARN_INFINITE_RECURSION = YES;
				CLANG_WARN_INT_CONVERSION = YES;
				CLANG_WARN_NON_LITERAL_NULL_CONVERSION = YES;
				CLANG_WARN_OBJC_LITERAL_CONVERSION = YES;
				CLANG_WARN_OBJC_ROOT_CLASS = YES_ERROR;
				CLANG_WARN_RANGE_LOOP_ANALYSIS = YES;
				CLANG_WARN_STRICT_PROTOTYPES = YES;
				CLANG_WARN_SUSPICIOUS_MOVE = YES;
				CLANG_WARN_UNGUARDED_AVAILABILITY = YES_AGGRESSIVE;
				CLANG_WARN_UNREACHABLE_CODE = YES;
				CLANG_WARN__DUPLICATE_METHOD_MATCH = YES;
				CODE_SIGN_IDENTITY = "iPhone Developer";
				COPY_PHASE_STRIP = NO;
				DEBUG_INFORMATION_FORMAT = dwarf;
				ENABLE_STRICT_OBJC_MSGSEND = YES;
				ENABLE_TESTABILITY = YES;
				GCC_C_LANGUAGE_STANDARD = gnu11;
				GCC_DYNAMIC_NO_PIC = NO;
				GCC_NO_COMMON_BLOCKS = YES;
				GCC_OPTIMIZATION_LEVEL = 0;
				GCC_PREPROCESSOR_DEFINITIONS = (
					"DEBUG=1",
					"$(inherited)",
				);
				GCC_WARN_64_TO_32_BIT_CONVERSION = YES;
				GCC_WARN_ABOUT_RETURN_TYPE = YES_ERROR;
				GCC_WARN_UNDECLARED_SELECTOR = YES;
				GCC_WARN_UNINITIALIZED_AUTOS = YES_AGGRESSIVE;
				GCC_WARN_UNUSED_FUNCTION = YES;
				GCC_WARN_UNUSED_VARIABLE = YES;
				IPHONEOS_DEPLOYMENT_TARGET = 11.2;
				MTL_ENABLE_DEBUG_INFO = YES;
				ONLY_ACTIVE_ARCH = YES;
				SDKROOT = iphoneos;
				SWIFT_ACTIVE_COMPILATION_CONDITIONS = DEBUG;
				SWIFT_OPTIMIZATION_LEVEL = "-Onone";
			};
			name = Debug;
		};
		FF7D5D2B201672E70016F853 /* Release */ = {
			isa = XCBuildConfiguration;
			buildSettings = {
				ALWAYS_SEARCH_USER_PATHS = NO;
				CLANG_ANALYZER_NONNULL = YES;
				CLANG_ANALYZER_NUMBER_OBJECT_CONVERSION = YES_AGGRESSIVE;
				CLANG_CXX_LANGUAGE_STANDARD = "gnu++14";
				CLANG_CXX_LIBRARY = "libc++";
				CLANG_ENABLE_MODULES = YES;
				CLANG_ENABLE_OBJC_ARC = YES;
				CLANG_WARN_BLOCK_CAPTURE_AUTORELEASING = YES;
				CLANG_WARN_BOOL_CONVERSION = YES;
				CLANG_WARN_COMMA = YES;
				CLANG_WARN_CONSTANT_CONVERSION = YES;
				CLANG_WARN_DIRECT_OBJC_ISA_USAGE = YES_ERROR;
				CLANG_WARN_DOCUMENTATION_COMMENTS = YES;
				CLANG_WARN_EMPTY_BODY = YES;
				CLANG_WARN_ENUM_CONVERSION = YES;
				CLANG_WARN_INFINITE_RECURSION = YES;
				CLANG_WARN_INT_CONVERSION = YES;
				CLANG_WARN_NON_LITERAL_NULL_CONVERSION = YES;
				CLANG_WARN_OBJC_LITERAL_CONVERSION = YES;
				CLANG_WARN_OBJC_ROOT_CLASS = YES_ERROR;
				CLANG_WARN_RANGE_LOOP_ANALYSIS = YES;
				CLANG_WARN_STRICT_PROTOTYPES = YES;
				CLANG_WARN_SUSPICIOUS_MOVE = YES;
				CLANG_WARN_UNGUARDED_AVAILABILITY = YES_AGGRESSIVE;
				CLANG_WARN_UNREACHABLE_CODE = YES;
				CLANG_WARN__DUPLICATE_METHOD_MATCH = YES;
				CODE_SIGN_IDENTITY = "iPhone Developer";
				COPY_PHASE_STRIP = NO;
				DEBUG_INFORMATION_FORMAT = "dwarf-with-dsym";
				ENABLE_NS_ASSERTIONS = NO;
				ENABLE_STRICT_OBJC_MSGSEND = YES;
				GCC_C_LANGUAGE_STANDARD = gnu11;
				GCC_NO_COMMON_BLOCKS = YES;
				GCC_WARN_64_TO_32_BIT_CONVERSION = YES;
				GCC_WARN_ABOUT_RETURN_TYPE = YES_ERROR;
				GCC_WARN_UNDECLARED_SELECTOR = YES;
				GCC_WARN_UNINITIALIZED_AUTOS = YES_AGGRESSIVE;
				GCC_WARN_UNUSED_FUNCTION = YES;
				GCC_WARN_UNUSED_VARIABLE = YES;
				IPHONEOS_DEPLOYMENT_TARGET = 11.2;
				MTL_ENABLE_DEBUG_INFO = NO;
				SDKROOT = iphoneos;
				SWIFT_OPTIMIZATION_LEVEL = "-Owholemodule";
				VALIDATE_PRODUCT = YES;
			};
			name = Release;
		};
		FF7D5D2D201672E70016F853 /* Debug */ = {
			isa = XCBuildConfiguration;
			baseConfigurationReference = FCBC503330999610F5889E89 /* Pods-retilla.debug.xcconfig */;
			buildSettings = {
				ASSETCATALOG_COMPILER_APPICON_NAME = AppIcon;
				CODE_SIGN_STYLE = Automatic;
				DEVELOPMENT_TEAM = 9ZDCKVQE83;
				INFOPLIST_FILE = retilla/Info.plist;
				LD_RUNPATH_SEARCH_PATHS = "$(inherited) @executable_path/Frameworks";
				PRODUCT_BUNDLE_IDENTIFIER = com.satkis.retilla;
				PRODUCT_NAME = "$(TARGET_NAME)";
				SWIFT_VERSION = 4.0;
				TARGETED_DEVICE_FAMILY = "1,2";
			};
			name = Debug;
		};
		FF7D5D2E201672E70016F853 /* Release */ = {
			isa = XCBuildConfiguration;
			baseConfigurationReference = E822D97274E1776C756927A9 /* Pods-retilla.release.xcconfig */;
			buildSettings = {
				ASSETCATALOG_COMPILER_APPICON_NAME = AppIcon;
				CODE_SIGN_STYLE = Automatic;
				DEVELOPMENT_TEAM = 9ZDCKVQE83;
				INFOPLIST_FILE = retilla/Info.plist;
				LD_RUNPATH_SEARCH_PATHS = "$(inherited) @executable_path/Frameworks";
				PRODUCT_BUNDLE_IDENTIFIER = com.satkis.retilla;
				PRODUCT_NAME = "$(TARGET_NAME)";
				SWIFT_VERSION = 4.0;
				TARGETED_DEVICE_FAMILY = "1,2";
			};
			name = Release;
		};
/* End XCBuildConfiguration section */

/* Begin XCConfigurationList section */
		FF7D5D15201672E60016F853 /* Build configuration list for PBXProject "retilla" */ = {
			isa = XCConfigurationList;
			buildConfigurations = (
				FF7D5D2A201672E70016F853 /* Debug */,
				FF7D5D2B201672E70016F853 /* Release */,
			);
			defaultConfigurationIsVisible = 0;
			defaultConfigurationName = Release;
		};
		FF7D5D2C201672E70016F853 /* Build configuration list for PBXNativeTarget "retilla" */ = {
			isa = XCConfigurationList;
			buildConfigurations = (
				FF7D5D2D201672E70016F853 /* Debug */,
				FF7D5D2E201672E70016F853 /* Release */,
			);
			defaultConfigurationIsVisible = 0;
			defaultConfigurationName = Release;
		};
/* End XCConfigurationList section */
	};
	rootObject = FF7D5D12201672E60016F853 /* Project object */;
}
